
Microsoft Visual Studio Solution File, Format Version 12.00
# Visual Studio Version 16
VisualStudioVersion = 16.0.29728.190
MinimumVisualStudioVersion = 10.0.40219.1
Project("{9A19103F-16F7-4668-BE54-9A1E7A4F7556}") = "Goals.Api", "backend\Src\Services\KanbanBoard.Api\Goals.Api.csproj", "{31F25F5F-962F-460E-BC56-E444EC52E320}"
	ProjectSection(ProjectDependencies) = postProject
		{DA7CB6EA-58B4-4775-AAD2-69ABD648F028} = {DA7CB6EA-58B4-4775-AAD2-69ABD648F028}
	EndProjectSection
EndProject
Project("{9A19103F-16F7-4668-BE54-9A1E7A4F7556}") = "IdentityServer", "backend\Src\Services\IdentityServer\IdentityServer.csproj", "{DA7CB6EA-58B4-4775-AAD2-69ABD648F028}"
EndProject
Project("{2150E333-8FDC-42A3-9474-1A3956D46DE8}") = "Src", "Src", "{8F525BCF-AC7F-4B53-90EC-7A9754EB7407}"
EndProject
Project("{2150E333-8FDC-42A3-9474-1A3956D46DE8}") = "Services", "Services", "{43618B94-1621-4535-B4BF-A6C8045EA2F4}"
EndProject
Project("{2150E333-8FDC-42A3-9474-1A3956D46DE8}") = "BuildingBlocks", "BuildingBlocks", "{65D9D685-94D2-4090-A67D-638AB0B0E41E}"
EndProject
Project("{2150E333-8FDC-42A3-9474-1A3956D46DE8}") = "Tests", "Tests", "{0DFCE6E1-C68C-473D-A5A0-A5308CD69DCE}"
EndProject
Project("{9A19103F-16F7-4668-BE54-9A1E7A4F7556}") = "MailService.Api", "backend\Src\Services\MailService.Api\MailService.Api.csproj", "{959BB254-EA6A-4C89-BC3C-AA0DBA75B4F6}"
EndProject
Project("{2150E333-8FDC-42A3-9474-1A3956D46DE8}") = "EventBus", "EventBus", "{B773BA7F-2253-49CC-AD2C-549F2DAAF142}"
EndProject
Project("{9A19103F-16F7-4668-BE54-9A1E7A4F7556}") = "RabbitMQEventBus", "backend\Src\BuildingBlocks\EventBus\RabbitMQEventBus\RabbitMQEventBus.csproj", "{E77B7779-B001-4CAD-8BB3-33E7EA5E7405}"
EndProject
Project("{FAE04EC0-301F-11D3-BF4B-00C04F79EFBC}") = "EventBus.Settings", "backend\Src\BuildingBlocks\EventBus\EventBus.Settings\EventBus.Settings.csproj", "{0107BFCC-4427-498B-AFE6-3B61CEAB5974}"
EndProject
Global
	GlobalSection(SolutionConfigurationPlatforms) = preSolution
		Debug|Any CPU = Debug|Any CPU
		Release|Any CPU = Release|Any CPU
	EndGlobalSection
	GlobalSection(ProjectConfigurationPlatforms) = postSolution
		{31F25F5F-962F-460E-BC56-E444EC52E320}.Debug|Any CPU.ActiveCfg = Debug|Any CPU
		{31F25F5F-962F-460E-BC56-E444EC52E320}.Debug|Any CPU.Build.0 = Debug|Any CPU
		{31F25F5F-962F-460E-BC56-E444EC52E320}.Release|Any CPU.ActiveCfg = Release|Any CPU
		{31F25F5F-962F-460E-BC56-E444EC52E320}.Release|Any CPU.Build.0 = Release|Any CPU
		{DA7CB6EA-58B4-4775-AAD2-69ABD648F028}.Debug|Any CPU.ActiveCfg = Debug|Any CPU
		{DA7CB6EA-58B4-4775-AAD2-69ABD648F028}.Debug|Any CPU.Build.0 = Debug|Any CPU
		{DA7CB6EA-58B4-4775-AAD2-69ABD648F028}.Release|Any CPU.ActiveCfg = Release|Any CPU
		{DA7CB6EA-58B4-4775-AAD2-69ABD648F028}.Release|Any CPU.Build.0 = Release|Any CPU
		{959BB254-EA6A-4C89-BC3C-AA0DBA75B4F6}.Debug|Any CPU.ActiveCfg = Debug|Any CPU
		{959BB254-EA6A-4C89-BC3C-AA0DBA75B4F6}.Debug|Any CPU.Build.0 = Debug|Any CPU
		{959BB254-EA6A-4C89-BC3C-AA0DBA75B4F6}.Release|Any CPU.ActiveCfg = Release|Any CPU
		{959BB254-EA6A-4C89-BC3C-AA0DBA75B4F6}.Release|Any CPU.Build.0 = Release|Any CPU
		{E77B7779-B001-4CAD-8BB3-33E7EA5E7405}.Debug|Any CPU.ActiveCfg = Debug|Any CPU
		{E77B7779-B001-4CAD-8BB3-33E7EA5E7405}.Debug|Any CPU.Build.0 = Debug|Any CPU
		{E77B7779-B001-4CAD-8BB3-33E7EA5E7405}.Release|Any CPU.ActiveCfg = Release|Any CPU
		{E77B7779-B001-4CAD-8BB3-33E7EA5E7405}.Release|Any CPU.Build.0 = Release|Any CPU
		{0107BFCC-4427-498B-AFE6-3B61CEAB5974}.Debug|Any CPU.ActiveCfg = Debug|Any CPU
		{0107BFCC-4427-498B-AFE6-3B61CEAB5974}.Debug|Any CPU.Build.0 = Debug|Any CPU
		{0107BFCC-4427-498B-AFE6-3B61CEAB5974}.Release|Any CPU.ActiveCfg = Release|Any CPU
		{0107BFCC-4427-498B-AFE6-3B61CEAB5974}.Release|Any CPU.Build.0 = Release|Any CPU
	EndGlobalSection
	GlobalSection(SolutionProperties) = preSolution
		HideSolutionNode = FALSE
	EndGlobalSection
	GlobalSection(NestedProjects) = preSolution
		{31F25F5F-962F-460E-BC56-E444EC52E320} = {43618B94-1621-4535-B4BF-A6C8045EA2F4}
		{DA7CB6EA-58B4-4775-AAD2-69ABD648F028} = {43618B94-1621-4535-B4BF-A6C8045EA2F4}
		{43618B94-1621-4535-B4BF-A6C8045EA2F4} = {8F525BCF-AC7F-4B53-90EC-7A9754EB7407}
		{65D9D685-94D2-4090-A67D-638AB0B0E41E} = {8F525BCF-AC7F-4B53-90EC-7A9754EB7407}
		{959BB254-EA6A-4C89-BC3C-AA0DBA75B4F6} = {43618B94-1621-4535-B4BF-A6C8045EA2F4}
		{B773BA7F-2253-49CC-AD2C-549F2DAAF142} = {65D9D685-94D2-4090-A67D-638AB0B0E41E}
		{E77B7779-B001-4CAD-8BB3-33E7EA5E7405} = {B773BA7F-2253-49CC-AD2C-549F2DAAF142}
		{0107BFCC-4427-498B-AFE6-3B61CEAB5974} = {B773BA7F-2253-49CC-AD2C-549F2DAAF142}
	EndGlobalSection
	GlobalSection(ExtensibilityGlobals) = postSolution
		SolutionGuid = {B1091D38-1C8E-4943-B142-2773CAADBF2A}
	EndGlobalSection
EndGlobal
